Microsoft Visual Studio Solution File, Format Version 11.00
# Visual Studio 2008

Project("{CD864B58-78E4-3217-2A7D-44E8FB52C58D}") = "unity-velocity", "Assembly-CSharp.csproj", "{00007C9E-6BF8-7B91-F287-03C66DB656A0}"
EndProject
Global
	GlobalSection(SolutionConfigurationPlatforms) = preSolution
		Debug|Any CPU = Debug|Any CPU
		Release|Any CPU = Release|Any CPU
	EndGlobalSection
	GlobalSection(ProjectConfigurationPlatforms) = postSolution
		{00007C9E-6BF8-7B91-F287-03C66DB656A0}.Debug|Any CPU.ActiveCfg = Debug|Any CPU
		{00007C9E-6BF8-7B91-F287-03C66DB656A0}.Debug|Any CPU.Build.0 = Debug|Any CPU
		{00007C9E-6BF8-7B91-F287-03C66DB656A0}.Release|Any CPU.ActiveCfg = Release|Any CPU
		{00007C9E-6BF8-7B91-F287-03C66DB656A0}.Release|Any CPU.Build.0 = Release|Any CPU
	EndGlobalSection
	GlobalSection(SolutionProperties) = preSolution
		HideSolutionNode = FALSE
	EndGlobalSection
	GlobalSection(MonoDevelopProperties) = preSolution
		StartupItem = Assembly-CSharp.csproj
	EndGlobalSection
EndGlobal
